{
  "name": "@writetome51/base-class",
  "version": "2.0.0",
  "lockfileVersion": 1,
  "requires": true,
  "dependencies": {
    "@writetome51/get-property": {
      "version": "2.0.0",
      "resolved": "https://registry.npmjs.org/@writetome51/get-property/-/get-property-2.0.0.tgz",
      "integrity": "sha512-cOD4p3HfFrkIdgAgky+4PisDZjkdwRlcSHc2fE5g0Y/+vJ2QfA7QLo2sxZnu9kbQXzwBaEhnBzt6OwXWA/ER0g==",
      "requires": {
        "error-if-length-is-zero": "^1.0.1",
        "error-if-not-object": "^2.0.0"
      }
    },
    "@writetome51/has-value-no-value": {
      "version": "2.0.0",
      "resolved": "https://registry.npmjs.org/@writetome51/has-value-no-value/-/has-value-no-value-2.0.0.tgz",
      "integrity": "sha512-ArFqWggtrr9sbi8/WEBNZLYlk7j8QesRWhaeHQdwc6tgfbjqibWVY6zrdL9UjCnqlEKPT2dNBcMj96gPfUqDoQ=="
    },
    "@writetome51/is-object-not-object": {
      "version": "2.0.0",
      "resolved": "https://registry.npmjs.org/@writetome51/is-object-not-object/-/is-object-not-object-2.0.0.tgz",
      "integrity": "sha512-CuydlACtzhrGryvL05k2WF35utLWrwYoSEK7bLcW1iSlcf3AkZ/own6WwODIpsMvLJfpTv5KFeJ1BEPvkZKGIw=="
    },
    "error-if-length-is-zero": {
      "version": "1.0.1",
      "resolved": "https://registry.npmjs.org/error-if-length-is-zero/-/error-if-length-is-zero-1.0.1.tgz",
      "integrity": "sha512-UB2bqtLZ9lpexrsjQbH6UkdBJpmeesBQZHGEYwOFoiKReRuQlG/cODCOMNY+Fq8EFyeF1gg99eMSjdztqUEQqA=="
    },
    "error-if-not-object": {
      "version": "2.0.0",
      "resolved": "https://registry.npmjs.org/error-if-not-object/-/error-if-not-object-2.0.0.tgz",
      "integrity": "sha512-jtmWyJasrRxyi9XIYReE2z9p6eLHPzmYaceZrFU68diHFLH/G0evKM67MMgSgKUhIjjZk34y5+H3dgoCDCfFzg==",
      "requires": {
        "@writetome51/is-object-not-object": "^2.0.0"
      }
    }
  }
}
